
Microsoft Visual Studio Solution File, Format Version 12.00
# Visual Studio 15
Project("{FAE04EC0-301F-11D3-BF4B-00C04F79EFBC}") = "Matrix.Multiply", "Matrix.Multiply\Matrix.Multiply.csproj", "{71528B4E-87B5-487C-9E5D-A16DFDF14ADB}"
EndProject
Global
	GlobalSection(SolutionConfigurationPlatforms) = preSolution
		Debug|Any CPU = Debug|Any CPU
		Release|Any CPU = Release|Any CPU
	EndGlobalSection
	GlobalSection(ProjectConfigurationPlatforms) = postSolution
		{71528B4E-87B5-487C-9E5D-A16DFDF14ADB}.Debug|Any CPU.ActiveCfg = Debug|Any CPU
		{71528B4E-87B5-487C-9E5D-A16DFDF14ADB}.Debug|Any CPU.Build.0 = Debug|Any CPU
		{71528B4E-87B5-487C-9E5D-A16DFDF14ADB}.Release|Any CPU.ActiveCfg = Release|Any CPU
		{71528B4E-87B5-487C-9E5D-A16DFDF14ADB}.Release|Any CPU.Build.0 = Release|Any CPU
	EndGlobalSection
EndGlobal
